{
  "name": "@components",
  "lockfileVersion": 3,
  "requires": true,
  "packages": {
    "": {
      "name": "@components",
      "devDependencies": {
        "@types/lodash.debounce": "^4.0.9",
        "@types/react-native-html-to-pdf": "^0.8.3",
        "@types/react-native-modern-datepicker": "^1.0.5"
      }
    },
    "node_modules/@types/lodash": {
      "version": "4.17.16",
      "resolved": "https://registry.npmjs.org/@types/lodash/-/lodash-4.17.16.tgz",
      "integrity": "sha512-HX7Em5NYQAXKW+1T+FiuG27NGwzJfCX3s1GjOa7ujxZa52kjJLOr4FUxT+giF6Tgxv1e+/czV/iTtBw27WTU9g==",
      "dev": true,
      "license": "MIT"
    },
    "node_modules/@types/lodash.debounce": {
      "version": "4.0.9",
      "resolved": "https://registry.npmjs.org/@types/lodash.debounce/-/lodash.debounce-4.0.9.tgz",
      "integrity": "sha512-Ma5JcgTREwpLRwMM+XwBR7DaWe96nC38uCBDFKZWbNKD+osjVzdpnUSwBcqCptrp16sSOLBAUb50Car5I0TCsQ==",
      "dev": true,
      "license": "MIT",
      "dependencies": {
        "@types/lodash": "*"
      }
    },
    "node_modules/@types/prop-types": {
      "version": "15.7.12",
      "resolved": "https://registry.npmjs.org/@types/prop-types/-/prop-types-15.7.12.tgz",
      "integrity": "sha512-5zvhXYtRNRluoE/jAp4GVsSduVUzNWKkOZrCDBWYtE7biZywwdC2AcEzg+cSMLFRfVgeAFqpfNabiPjxFddV1Q==",
      "dev": true
    },
    "node_modules/@types/react": {
      "version": "18.3.1",
      "resolved": "https://registry.npmjs.org/@types/react/-/react-18.3.1.tgz",
      "integrity": "sha512-V0kuGBX3+prX+DQ/7r2qsv1NsdfnCLnTgnRJ1pYnxykBhGMz+qj+box5lq7XsO5mtZsBqpjwwTu/7wszPfMBcw==",
      "dev": true,
      "dependencies": {
        "@types/prop-types": "*",
        "csstype": "^3.0.2"
      }
    },
    "node_modules/@types/react-native-html-to-pdf": {
      "version": "0.8.3",
      "resolved": "https://registry.npmjs.org/@types/react-native-html-to-pdf/-/react-native-html-to-pdf-0.8.3.tgz",
      "integrity": "sha512-KjyR1F9KhcmX8p9y/8WYMiaK4DV/cYBUO1XHEzD9dDVZBkY9ujbdMLYO7ZvmAffNT2Q484Qvg+t6szgVcnN22g==",
      "dev": true
    },
    "node_modules/@types/react-native-modern-datepicker": {
      "version": "1.0.5",
      "resolved": "https://registry.npmjs.org/@types/react-native-modern-datepicker/-/react-native-modern-datepicker-1.0.5.tgz",
      "integrity": "sha512-YO9t6nyKCLa90PPLq2OsBhGQU9PlRKSrzpYbz7hbeQ0RJDft1YiNTqktQbRN1g64qmlmjNPbMOFSuV7NpdgNzg==",
      "dev": true,
      "dependencies": {
        "@types/react": "*"
      }
    },
    "node_modules/csstype": {
      "version": "3.1.3",
      "resolved": "https://registry.npmjs.org/csstype/-/csstype-3.1.3.tgz",
      "integrity": "sha512-M1uQkMl8rQK/szD0LNhtqxIPLpimGm8sOBwU7lLnCpSbTyY3yeU1Vc7l4KT5zT4s/yOxHH5O7tIuuLOCnLADRw==",
      "dev": true
    }
  }
}
